
Microsoft Visual Studio Solution File, Format Version 12.00
# Visual Studio Version 17
VisualStudioVersion = 17.11.35327.3
MinimumVisualStudioVersion = 10.0.40219.1
Project("{FAE04EC0-301F-11D3-BF4B-00C04F79EFBC}") = "ControleDeContatos", "ControleDeContatos.csproj", "{EA3E59CB-4020-4567-BBDD-917CACEF2FDC}"
EndProject
Global
	GlobalSection(SolutionConfigurationPlatforms) = preSolution
		Debug|Any CPU = Debug|Any CPU
		Release|Any CPU = Release|Any CPU
	EndGlobalSection
	GlobalSection(ProjectConfigurationPlatforms) = postSolution
		{EA3E59CB-4020-4567-BBDD-917CACEF2FDC}.Debug|Any CPU.ActiveCfg = Debug|Any CPU
		{EA3E59CB-4020-4567-BBDD-917CACEF2FDC}.Debug|Any CPU.Build.0 = Debug|Any CPU
		{EA3E59CB-4020-4567-BBDD-917CACEF2FDC}.Release|Any CPU.ActiveCfg = Release|Any CPU
		{EA3E59CB-4020-4567-BBDD-917CACEF2FDC}.Release|Any CPU.Build.0 = Release|Any CPU
	EndGlobalSection
	GlobalSection(SolutionProperties) = preSolution
		HideSolutionNode = FALSE
	EndGlobalSection
	GlobalSection(ExtensibilityGlobals) = postSolution
		SolutionGuid = {94A86E92-2BF3-48B3-8B8A-4ACBC25343D5}
	EndGlobalSection
EndGlobal
